
Microsoft Visual Studio Solution File, Format Version 12.00
# Visual Studio Version 16
VisualStudioVersion = 16.0.31424.327
MinimumVisualStudioVersion = 10.0.40219.1
Project("{FAE04EC0-301F-11D3-BF4B-00C04F79EFBC}") = "WeBO", "WeBO\WeBO.csproj", "{AE8A3FA0-2C18-46AE-A347-331E02180C65}"
EndProject
Global
	GlobalSection(SolutionConfigurationPlatforms) = preSolution
		Debug|Any CPU = Debug|Any CPU
		Release|Any CPU = Release|Any CPU
	EndGlobalSection
	GlobalSection(ProjectConfigurationPlatforms) = postSolution
		{AE8A3FA0-2C18-46AE-A347-331E02180C65}.Debug|Any CPU.ActiveCfg = Debug|Any CPU
		{AE8A3FA0-2C18-46AE-A347-331E02180C65}.Debug|Any CPU.Build.0 = Debug|Any CPU
		{AE8A3FA0-2C18-46AE-A347-331E02180C65}.Release|Any CPU.ActiveCfg = Release|Any CPU
		{AE8A3FA0-2C18-46AE-A347-331E02180C65}.Release|Any CPU.Build.0 = Release|Any CPU
	EndGlobalSection
	GlobalSection(SolutionProperties) = preSolution
		HideSolutionNode = FALSE
	EndGlobalSection
	GlobalSection(ExtensibilityGlobals) = postSolution
		SolutionGuid = {4D986BA1-F5BB-45C1-8F44-C4E9F169313A}
	EndGlobalSection
EndGlobal
